{
  "name": "@ghasemkiani/coingecko-api",
  "version": "1.1.6",
  "lockfileVersion": 3,
  "requires": true,
  "packages": {
    "": {
      "name": "@ghasemkiani/coingecko-api",
      "version": "1.1.6",
      "license": "MIT",
      "dependencies": {
        "@ghasemkiani/base": "github:ghasemkiani/base",
        "@ghasemkiani/base-utils": "github:ghasemkiani/base-utils",
        "coingecko-api-v3": "^0.0.29"
      }
    },
    "node_modules/@ghasemkiani/base": {
      "version": "3.3.24",
      "resolved": "git+ssh://git@github.com/ghasemkiani/base.git#eab8f94793091d27fd462032eb7b2becc02efb4b",
      "license": "MIT"
    },
    "node_modules/@ghasemkiani/base-utils": {
      "version": "2.1.13",
      "resolved": "git+ssh://git@github.com/ghasemkiani/base-utils.git#d33fb2cdedd72f359d54071d44086124105136ac",
      "license": "MIT",
      "dependencies": {
        "@ghasemkiani/base": "github:ghasemkiani/base",
        "binary-search": "^1.3.6"
      }
    },
    "node_modules/binary-search": {
      "version": "1.3.6",
      "resolved": "https://registry.npmjs.org/binary-search/-/binary-search-1.3.6.tgz",
      "integrity": "sha512-nbE1WxOTTrUWIfsfZ4aHGYu5DOuNkbxGokjV6Z2kxfJK3uaAb8zNK1muzOeipoLHZjInT4Br88BHpzevc681xA==",
      "license": "CC0-1.0"
    },
    "node_modules/coingecko-api-v3": {
      "version": "0.0.29",
      "resolved": "https://registry.npmjs.org/coingecko-api-v3/-/coingecko-api-v3-0.0.29.tgz",
      "integrity": "sha512-4aF0mU6Pwmo78W4NsPbMslU3ooeSa2Dq8a8PFR+5+wWcWvTBMiUZgfy9UvybynYVsnvYCoyxtNwxTiMZBeZh4w==",
      "license": "MIT",
      "dependencies": {
        "https": "^1.0.0"
      }
    },
    "node_modules/https": {
      "version": "1.0.0",
      "resolved": "https://registry.npmjs.org/https/-/https-1.0.0.tgz",
      "integrity": "sha512-4EC57ddXrkaF0x83Oj8sM6SLQHAWXw90Skqu2M4AEWENZ3F02dFJE/GARA8igO79tcgYqGrD7ae4f5L3um2lgg==",
      "license": "ISC"
    }
  }
}
